// !$*UTF8*$!
{
	archiveVersion = 1;
	classes = {
	};
	objectVersion = 77;
	objects = {

/* Begin PBXBuildFile section */
		FC0F72EB2CCB7FB5002B9A21 /* Kingfisher in Frameworks */ = {isa = PBXBuildFile; productRef = FC0F72EA2CCB7FB5002B9A21 /* Kingfisher */; };
		FC0F72EF2CCB9943002B9A21 /* LoginUseCase.swift in Sources */ = {isa = PBXBuildFile; fileRef = FC0F72EE2CCB993F002B9A21 /* LoginUseCase.swift */; };
		FC0F72F12CCBA019002B9A21 /* LoginViewModel.swift in Sources */ = {isa = PBXBuildFile; fileRef = FC0F72F02CCBA014002B9A21 /* LoginViewModel.swift */; };
		FC4331312CC16364005F4458 /* HeroCell.xib in Resources */ = {isa = PBXBuildFile; fileRef = FC4331302CC16364005F4458 /* HeroCell.xib */; };
		FC4331322CC16364005F4458 /* HeroCell.swift in Sources */ = {isa = PBXBuildFile; fileRef = FC43312F2CC16364005F4458 /* HeroCell.swift */; };
		FC4AC22A2CCD5ED000366218 /* Transformation.swift in Sources */ = {isa = PBXBuildFile; fileRef = FC4AC2292CCD5EC700366218 /* Transformation.swift */; };
		FC51511B2CCE9E7A00FC337E /* Transformations.json in Resources */ = {isa = PBXBuildFile; fileRef = FC51511A2CCE9E6C00FC337E /* Transformations.json */; };
		FC51511D2CCE9F4100FC337E /* Locations.json in Resources */ = {isa = PBXBuildFile; fileRef = FC51511C2CCE9F3200FC337E /* Locations.json */; };
		FC5FB56A2CC1131F00E5DC5B /* PIAApiError.swift in Sources */ = {isa = PBXBuildFile; fileRef = FC5FB5682CC1131F00E5DC5B /* PIAApiError.swift */; };
		FC5FB56D2CC1135700E5DC5B /* PIAEndPoint.swift in Sources */ = {isa = PBXBuildFile; fileRef = FC5FB56B2CC1135600E5DC5B /* PIAEndPoint.swift */; };
		FC5FB56F2CC1139200E5DC5B /* PIARequestBuilder.swift in Sources */ = {isa = PBXBuildFile; fileRef = FC5FB56E2CC1138F00E5DC5B /* PIARequestBuilder.swift */; };
		FC5FB5742CC1141000E5DC5B /* HeroesViewController.swift in Sources */ = {isa = PBXBuildFile; fileRef = FC5FB5722CC1141000E5DC5B /* HeroesViewController.swift */; };
		FC5FB5752CC1141000E5DC5B /* HeroesViewController.xib in Resources */ = {isa = PBXBuildFile; fileRef = FC5FB5732CC1141000E5DC5B /* HeroesViewController.xib */; };
		FC5FB5782CC115C700E5DC5B /* HeroUseCase.swift in Sources */ = {isa = PBXBuildFile; fileRef = FC5FB5772CC115C300E5DC5B /* HeroUseCase.swift */; };
		FC5FB57B2CC115E800E5DC5B /* HeroesViewModel.swift in Sources */ = {isa = PBXBuildFile; fileRef = FC5FB57A2CC115DF00E5DC5B /* HeroesViewModel.swift */; };
		FC5FB57F2CC116BD00E5DC5B /* Hero.swift in Sources */ = {isa = PBXBuildFile; fileRef = FC5FB57D2CC116BB00E5DC5B /* Hero.swift */; };
		FC5FB5872CC1257E00E5DC5B /* PIAObservable.swift in Sources */ = {isa = PBXBuildFile; fileRef = FC5FB5862CC1257200E5DC5B /* PIAObservable.swift */; };
		FC624B152CCE5BF6002C9D8E /* DetailTransformationViewController.xib in Resources */ = {isa = PBXBuildFile; fileRef = FC624B142CCE5BF6002C9D8E /* DetailTransformationViewController.xib */; };
		FC624B162CCE5BF6002C9D8E /* DetailTransformationViewController.swift in Sources */ = {isa = PBXBuildFile; fileRef = FC624B132CCE5BF6002C9D8E /* DetailTransformationViewController.swift */; };
		FC624B182CCE5DDD002C9D8E /* DetailTransformationViewModel.swift in Sources */ = {isa = PBXBuildFile; fileRef = FC624B172CCE5DD1002C9D8E /* DetailTransformationViewModel.swift */; };
		FC65E0BD2CBEC6EA006D2F52 /* PIAApiProvider.swift in Sources */ = {isa = PBXBuildFile; fileRef = FC65E0BB2CBEC6E3006D2F52 /* PIAApiProvider.swift */; };
		FC67443A2CCAABA5005B7064 /* ApiProviderTests.swift in Sources */ = {isa = PBXBuildFile; fileRef = FC6744392CCAABA5005B7064 /* ApiProviderTests.swift */; };
		FC67443F2CCAAD26005B7064 /* URLProtocolMock.swift in Sources */ = {isa = PBXBuildFile; fileRef = FC67443E2CCAAD1C005B7064 /* URLProtocolMock.swift */; };
		FC6744412CCAB044005B7064 /* SecureDataStorageMock.swift in Sources */ = {isa = PBXBuildFile; fileRef = FC6744402CCAB03A005B7064 /* SecureDataStorageMock.swift */; };
		FC6744432CCAB052005B7064 /* DataMock.swift in Sources */ = {isa = PBXBuildFile; fileRef = FC6744422CCAB04C005B7064 /* DataMock.swift */; };
		FC6744452CCAB5D0005B7064 /* Heroes.json in Resources */ = {isa = PBXBuildFile; fileRef = FC6744442CCAB5D0005B7064 /* Heroes.json */; };
		FC67444A2CCAB6FD005B7064 /* HeroUseCaseTest.swift in Sources */ = {isa = PBXBuildFile; fileRef = FC6744492CCAB6F4005B7064 /* HeroUseCaseTest.swift */; };
		FC67444C2CCAB75A005B7064 /* PIAApiProviderMock.swift in Sources */ = {isa = PBXBuildFile; fileRef = FC67444B2CCAB745005B7064 /* PIAApiProviderMock.swift */; };
		FC67444E2CCAB9D7005B7064 /* HeroesViewModelTest.swift in Sources */ = {isa = PBXBuildFile; fileRef = FC67444D2CCAB9CF005B7064 /* HeroesViewModelTest.swift */; };
		FC727AC52CBE7250007FFA9D /* Assets.xcassets in Resources */ = {isa = PBXBuildFile; fileRef = FC727ABA2CBE7250007FFA9D /* Assets.xcassets */; };
		FC727AC72CBE7250007FFA9D /* LaunchScreen.storyboard in Resources */ = {isa = PBXBuildFile; fileRef = FC727ABD2CBE7250007FFA9D /* LaunchScreen.storyboard */; };
		FC727AC82CBE7250007FFA9D /* LoginViewController.xib in Resources */ = {isa = PBXBuildFile; fileRef = FC727ABF2CBE7250007FFA9D /* LoginViewController.xib */; };
		FC727AC92CBE7250007FFA9D /* SplashViewController.xib in Resources */ = {isa = PBXBuildFile; fileRef = FC727AC22CBE7250007FFA9D /* SplashViewController.xib */; };
		FC727ACA2CBE7250007FFA9D /* AppDelegate.swift in Sources */ = {isa = PBXBuildFile; fileRef = FC727AB92CBE7250007FFA9D /* AppDelegate.swift */; };
		FC727ACB2CBE7250007FFA9D /* LoginViewController.swift in Sources */ = {isa = PBXBuildFile; fileRef = FC727ABE2CBE7250007FFA9D /* LoginViewController.swift */; };
		FC727ACC2CBE7250007FFA9D /* SceneDelegate.swift in Sources */ = {isa = PBXBuildFile; fileRef = FC727AC02CBE7250007FFA9D /* SceneDelegate.swift */; };
		FC727ACD2CBE7250007FFA9D /* SplashViewController.swift in Sources */ = {isa = PBXBuildFile; fileRef = FC727AC12CBE7250007FFA9D /* SplashViewController.swift */; };
		FC727AD32CBE727A007FFA9D /* Model.xcdatamodeld in Sources */ = {isa = PBXBuildFile; fileRef = FC727AD12CBE727A007FFA9D /* Model.xcdatamodeld */; };
		FC727AE02CBE76BA007FFA9D /* MOHero+CoreDataClass.swift in Sources */ = {isa = PBXBuildFile; fileRef = FC727AD42CBE76BA007FFA9D /* MOHero+CoreDataClass.swift */; };
		FC727AE22CBE76BA007FFA9D /* MOLocation+CoreDataClass.swift in Sources */ = {isa = PBXBuildFile; fileRef = FC727AD62CBE76BA007FFA9D /* MOLocation+CoreDataClass.swift */; };
		FC727AE42CBE76BA007FFA9D /* MOTransformation+CoreDataClass.swift in Sources */ = {isa = PBXBuildFile; fileRef = FC727AD82CBE76BA007FFA9D /* MOTransformation+CoreDataClass.swift */; };
		FC727AE92CBE79BB007FFA9D /* ApiHero.swift in Sources */ = {isa = PBXBuildFile; fileRef = FC727AE72CBE79B4007FFA9D /* ApiHero.swift */; };
		FC727AEB2CBE7A64007FFA9D /* ApiLocation.swift in Sources */ = {isa = PBXBuildFile; fileRef = FC727AEA2CBE7A5E007FFA9D /* ApiLocation.swift */; };
		FC727AEE2CBE7D83007FFA9D /* ApiTransformation.swift in Sources */ = {isa = PBXBuildFile; fileRef = FC727AED2CBE7D79007FFA9D /* ApiTransformation.swift */; };
		FC727AF12CBE811E007FFA9D /* StoreDataProvider.swift in Sources */ = {isa = PBXBuildFile; fileRef = FC727AF02CBE8113007FFA9D /* StoreDataProvider.swift */; };
		FC7807D22CC25CC600A53245 /* StoreProviderTests.swift in Sources */ = {isa = PBXBuildFile; fileRef = FC7807D02CC25CC600A53245 /* StoreProviderTests.swift */; };
		FC9E8CA32CC63C16007A2A83 /* KeychainSwift in Frameworks */ = {isa = PBXBuildFile; productRef = FC9E8CA22CC63C16007A2A83 /* KeychainSwift */; };
		FC9E8CA52CC63C7B007A2A83 /* SecureDataStore.swift in Sources */ = {isa = PBXBuildFile; fileRef = FC9E8CA42CC63C6E007A2A83 /* SecureDataStore.swift */; };
		FCD8DC922CCA2FAD00FF71E2 /* DetailHeroViewController.swift in Sources */ = {isa = PBXBuildFile; fileRef = FCD8DC902CCA2FAD00FF71E2 /* DetailHeroViewController.swift */; };
		FCD8DC932CCA2FAD00FF71E2 /* DetailHeroViewController.xib in Resources */ = {isa = PBXBuildFile; fileRef = FCD8DC912CCA2FAD00FF71E2 /* DetailHeroViewController.xib */; };
		FCD8DC952CCA301600FF71E2 /* DetailHeroViewModel.swift in Sources */ = {isa = PBXBuildFile; fileRef = FCD8DC942CCA300B00FF71E2 /* DetailHeroViewModel.swift */; };
		FCD8DC972CCA30CB00FF71E2 /* DetailHeroUseCase.swift in Sources */ = {isa = PBXBuildFile; fileRef = FCD8DC962CCA30C000FF71E2 /* DetailHeroUseCase.swift */; };
		FCD8DC9B2CCA33F700FF71E2 /* Location.swift in Sources */ = {isa = PBXBuildFile; fileRef = FCD8DC9A2CCA33F100FF71E2 /* Location.swift */; };
		FCD8DC9E2CCA562D00FF71E2 /* HeroAnnotation.swift in Sources */ = {isa = PBXBuildFile; fileRef = FCD8DC9D2CCA561D00FF71E2 /* HeroAnnotation.swift */; };
		FCD8DCA02CCA5D8600FF71E2 /* HeroAnnotationView.swift in Sources */ = {isa = PBXBuildFile; fileRef = FCD8DC9F2CCA5D7C00FF71E2 /* HeroAnnotationView.swift */; };
/* End PBXBuildFile section */

/* Begin PBXContainerItemProxy section */
		FC727A942CBE6F0E007FFA9D /* PBXContainerItemProxy */ = {
			isa = PBXContainerItemProxy;
			containerPortal = FC727A752CBE6F0C007FFA9D /* Project object */;
			proxyType = 1;
			remoteGlobalIDString = FC727A7C2CBE6F0C007FFA9D;
			remoteInfo = PracticaIOSAvanzado;
		};
		FC727A9E2CBE6F0E007FFA9D /* PBXContainerItemProxy */ = {
			isa = PBXContainerItemProxy;
			containerPortal = FC727A752CBE6F0C007FFA9D /* Project object */;
			proxyType = 1;
			remoteGlobalIDString = FC727A7C2CBE6F0C007FFA9D;
			remoteInfo = PracticaIOSAvanzado;
		};
/* End PBXContainerItemProxy section */

/* Begin PBXFileReference section */
		FC0F72EE2CCB993F002B9A21 /* LoginUseCase.swift */ = {isa = PBXFileReference; lastKnownFileType = sourcecode.swift; path = LoginUseCase.swift; sourceTree = "<group>"; };
		FC0F72F02CCBA014002B9A21 /* LoginViewModel.swift */ = {isa = PBXFileReference; lastKnownFileType = sourcecode.swift; path = LoginViewModel.swift; sourceTree = "<group>"; };
		FC43312F2CC16364005F4458 /* HeroCell.swift */ = {isa = PBXFileReference; lastKnownFileType = sourcecode.swift; path = HeroCell.swift; sourceTree = "<group>"; };
		FC4331302CC16364005F4458 /* HeroCell.xib */ = {isa = PBXFileReference; lastKnownFileType = file.xib; path = HeroCell.xib; sourceTree = "<group>"; };
		FC4AC2292CCD5EC700366218 /* Transformation.swift */ = {isa = PBXFileReference; lastKnownFileType = sourcecode.swift; path = Transformation.swift; sourceTree = "<group>"; };
		FC51511A2CCE9E6C00FC337E /* Transformations.json */ = {isa = PBXFileReference; lastKnownFileType = text.json; path = Transformations.json; sourceTree = "<group>"; };
		FC51511C2CCE9F3200FC337E /* Locations.json */ = {isa = PBXFileReference; lastKnownFileType = text.json; path = Locations.json; sourceTree = "<group>"; };
		FC5FB5682CC1131F00E5DC5B /* PIAApiError.swift */ = {isa = PBXFileReference; lastKnownFileType = sourcecode.swift; path = PIAApiError.swift; sourceTree = "<group>"; };
		FC5FB56B2CC1135600E5DC5B /* PIAEndPoint.swift */ = {isa = PBXFileReference; lastKnownFileType = sourcecode.swift; path = PIAEndPoint.swift; sourceTree = "<group>"; };
		FC5FB56E2CC1138F00E5DC5B /* PIARequestBuilder.swift */ = {isa = PBXFileReference; lastKnownFileType = sourcecode.swift; path = PIARequestBuilder.swift; sourceTree = "<group>"; };
		FC5FB5722CC1141000E5DC5B /* HeroesViewController.swift */ = {isa = PBXFileReference; lastKnownFileType = sourcecode.swift; path = HeroesViewController.swift; sourceTree = "<group>"; };
		FC5FB5732CC1141000E5DC5B /* HeroesViewController.xib */ = {isa = PBXFileReference; lastKnownFileType = file.xib; path = HeroesViewController.xib; sourceTree = "<group>"; };
		FC5FB5772CC115C300E5DC5B /* HeroUseCase.swift */ = {isa = PBXFileReference; lastKnownFileType = sourcecode.swift; path = HeroUseCase.swift; sourceTree = "<group>"; };
		FC5FB57A2CC115DF00E5DC5B /* HeroesViewModel.swift */ = {isa = PBXFileReference; lastKnownFileType = sourcecode.swift; path = HeroesViewModel.swift; sourceTree = "<group>"; };
		FC5FB57D2CC116BB00E5DC5B /* Hero.swift */ = {isa = PBXFileReference; lastKnownFileType = sourcecode.swift; path = Hero.swift; sourceTree = "<group>"; };
		FC5FB5862CC1257200E5DC5B /* PIAObservable.swift */ = {isa = PBXFileReference; lastKnownFileType = sourcecode.swift; path = PIAObservable.swift; sourceTree = "<group>"; };
		FC624B132CCE5BF6002C9D8E /* DetailTransformationViewController.swift */ = {isa = PBXFileReference; lastKnownFileType = sourcecode.swift; path = DetailTransformationViewController.swift; sourceTree = "<group>"; };
		FC624B142CCE5BF6002C9D8E /* DetailTransformationViewController.xib */ = {isa = PBXFileReference; lastKnownFileType = file.xib; path = DetailTransformationViewController.xib; sourceTree = "<group>"; };
		FC624B172CCE5DD1002C9D8E /* DetailTransformationViewModel.swift */ = {isa = PBXFileReference; lastKnownFileType = sourcecode.swift; path = DetailTransformationViewModel.swift; sourceTree = "<group>"; };
		FC65E0BB2CBEC6E3006D2F52 /* PIAApiProvider.swift */ = {isa = PBXFileReference; lastKnownFileType = sourcecode.swift; path = PIAApiProvider.swift; sourceTree = "<group>"; };
		FC6744392CCAABA5005B7064 /* ApiProviderTests.swift */ = {isa = PBXFileReference; lastKnownFileType = sourcecode.swift; path = ApiProviderTests.swift; sourceTree = "<group>"; };
		FC67443E2CCAAD1C005B7064 /* URLProtocolMock.swift */ = {isa = PBXFileReference; lastKnownFileType = sourcecode.swift; path = URLProtocolMock.swift; sourceTree = "<group>"; };
		FC6744402CCAB03A005B7064 /* SecureDataStorageMock.swift */ = {isa = PBXFileReference; lastKnownFileType = sourcecode.swift; path = SecureDataStorageMock.swift; sourceTree = "<group>"; };
		FC6744422CCAB04C005B7064 /* DataMock.swift */ = {isa = PBXFileReference; lastKnownFileType = sourcecode.swift; path = DataMock.swift; sourceTree = "<group>"; };
		FC6744442CCAB5D0005B7064 /* Heroes.json */ = {isa = PBXFileReference; lastKnownFileType = text.json; path = Heroes.json; sourceTree = "<group>"; };
		FC6744492CCAB6F4005B7064 /* HeroUseCaseTest.swift */ = {isa = PBXFileReference; lastKnownFileType = sourcecode.swift; path = HeroUseCaseTest.swift; sourceTree = "<group>"; };
		FC67444B2CCAB745005B7064 /* PIAApiProviderMock.swift */ = {isa = PBXFileReference; lastKnownFileType = sourcecode.swift; path = PIAApiProviderMock.swift; sourceTree = "<group>"; };
		FC67444D2CCAB9CF005B7064 /* HeroesViewModelTest.swift */ = {isa = PBXFileReference; lastKnownFileType = sourcecode.swift; path = HeroesViewModelTest.swift; sourceTree = "<group>"; };
		FC727A7D2CBE6F0C007FFA9D /* PracticaIOSAvanzado.app */ = {isa = PBXFileReference; explicitFileType = wrapper.application; includeInIndex = 0; path = PracticaIOSAvanzado.app; sourceTree = BUILT_PRODUCTS_DIR; };
		FC727A932CBE6F0E007FFA9D /* PracticaIOSAvanzadoTests.xctest */ = {isa = PBXFileReference; explicitFileType = wrapper.cfbundle; includeInIndex = 0; path = PracticaIOSAvanzadoTests.xctest; sourceTree = BUILT_PRODUCTS_DIR; };
		FC727A9D2CBE6F0E007FFA9D /* PracticaIOSAvanzadoUITests.xctest */ = {isa = PBXFileReference; explicitFileType = wrapper.cfbundle; includeInIndex = 0; path = PracticaIOSAvanzadoUITests.xctest; sourceTree = BUILT_PRODUCTS_DIR; };
		FC727AB92CBE7250007FFA9D /* AppDelegate.swift */ = {isa = PBXFileReference; lastKnownFileType = sourcecode.swift; path = AppDelegate.swift; sourceTree = "<group>"; };
		FC727ABA2CBE7250007FFA9D /* Assets.xcassets */ = {isa = PBXFileReference; lastKnownFileType = folder.assetcatalog; path = Assets.xcassets; sourceTree = "<group>"; };
		FC727ABB2CBE7250007FFA9D /* Info.plist */ = {isa = PBXFileReference; lastKnownFileType = text.plist.xml; path = Info.plist; sourceTree = "<group>"; };
		FC727ABC2CBE7250007FFA9D /* Base */ = {isa = PBXFileReference; lastKnownFileType = file.storyboard; name = Base; path = Base.lproj/LaunchScreen.storyboard; sourceTree = "<group>"; };
		FC727ABE2CBE7250007FFA9D /* LoginViewController.swift */ = {isa = PBXFileReference; lastKnownFileType = sourcecode.swift; path = LoginViewController.swift; sourceTree = "<group>"; };
		FC727ABF2CBE7250007FFA9D /* LoginViewController.xib */ = {isa = PBXFileReference; lastKnownFileType = file.xib; path = LoginViewController.xib; sourceTree = "<group>"; };
		FC727AC02CBE7250007FFA9D /* SceneDelegate.swift */ = {isa = PBXFileReference; lastKnownFileType = sourcecode.swift; path = SceneDelegate.swift; sourceTree = "<group>"; };
		FC727AC12CBE7250007FFA9D /* SplashViewController.swift */ = {isa = PBXFileReference; lastKnownFileType = sourcecode.swift; path = SplashViewController.swift; sourceTree = "<group>"; };
		FC727AC22CBE7250007FFA9D /* SplashViewController.xib */ = {isa = PBXFileReference; lastKnownFileType = file.xib; path = SplashViewController.xib; sourceTree = "<group>"; };
		FC727AD42CBE76BA007FFA9D /* MOHero+CoreDataClass.swift */ = {isa = PBXFileReference; lastKnownFileType = sourcecode.swift; path = "MOHero+CoreDataClass.swift"; sourceTree = "<group>"; };
		FC727AD62CBE76BA007FFA9D /* MOLocation+CoreDataClass.swift */ = {isa = PBXFileReference; lastKnownFileType = sourcecode.swift; path = "MOLocation+CoreDataClass.swift"; sourceTree = "<group>"; };
		FC727AD82CBE76BA007FFA9D /* MOTransformation+CoreDataClass.swift */ = {isa = PBXFileReference; lastKnownFileType = sourcecode.swift; path = "MOTransformation+CoreDataClass.swift"; sourceTree = "<group>"; };
		FC727AE72CBE79B4007FFA9D /* ApiHero.swift */ = {isa = PBXFileReference; lastKnownFileType = sourcecode.swift; path = ApiHero.swift; sourceTree = "<group>"; };
		FC727AEA2CBE7A5E007FFA9D /* ApiLocation.swift */ = {isa = PBXFileReference; lastKnownFileType = sourcecode.swift; path = ApiLocation.swift; sourceTree = "<group>"; };
		FC727AED2CBE7D79007FFA9D /* ApiTransformation.swift */ = {isa = PBXFileReference; lastKnownFileType = sourcecode.swift; path = ApiTransformation.swift; sourceTree = "<group>"; };
		FC727AF02CBE8113007FFA9D /* StoreDataProvider.swift */ = {isa = PBXFileReference; lastKnownFileType = sourcecode.swift; path = StoreDataProvider.swift; sourceTree = "<group>"; };
		FC7807CF2CC250A200A53245 /* Model 2.xcdatamodel */ = {isa = PBXFileReference; lastKnownFileType = wrapper.xcdatamodel; path = "Model 2.xcdatamodel"; sourceTree = "<group>"; };
		FC7807D02CC25CC600A53245 /* StoreProviderTests.swift */ = {isa = PBXFileReference; lastKnownFileType = sourcecode.swift; path = StoreProviderTests.swift; sourceTree = "<group>"; };
		FC9E8CA42CC63C6E007A2A83 /* SecureDataStore.swift */ = {isa = PBXFileReference; lastKnownFileType = sourcecode.swift; path = SecureDataStore.swift; sourceTree = "<group>"; };
		FCD8DC902CCA2FAD00FF71E2 /* DetailHeroViewController.swift */ = {isa = PBXFileReference; lastKnownFileType = sourcecode.swift; path = DetailHeroViewController.swift; sourceTree = "<group>"; };
		FCD8DC912CCA2FAD00FF71E2 /* DetailHeroViewController.xib */ = {isa = PBXFileReference; lastKnownFileType = file.xib; path = DetailHeroViewController.xib; sourceTree = "<group>"; };
		FCD8DC942CCA300B00FF71E2 /* DetailHeroViewModel.swift */ = {isa = PBXFileReference; lastKnownFileType = sourcecode.swift; path = DetailHeroViewModel.swift; sourceTree = "<group>"; };
		FCD8DC962CCA30C000FF71E2 /* DetailHeroUseCase.swift */ = {isa = PBXFileReference; lastKnownFileType = sourcecode.swift; path = DetailHeroUseCase.swift; sourceTree = "<group>"; };
		FCD8DC9A2CCA33F100FF71E2 /* Location.swift */ = {isa = PBXFileReference; lastKnownFileType = sourcecode.swift; path = Location.swift; sourceTree = "<group>"; };
		FCD8DC9D2CCA561D00FF71E2 /* HeroAnnotation.swift */ = {isa = PBXFileReference; lastKnownFileType = sourcecode.swift; path = HeroAnnotation.swift; sourceTree = "<group>"; };
		FCD8DC9F2CCA5D7C00FF71E2 /* HeroAnnotationView.swift */ = {isa = PBXFileReference; lastKnownFileType = sourcecode.swift; path = HeroAnnotationView.swift; sourceTree = "<group>"; };
/* End PBXFileReference section */

/* Begin PBXFileSystemSynchronizedRootGroup section */
		FC727AA02CBE6F0E007FFA9D /* PracticaIOSAvanzadoUITests */ = {
			isa = PBXFileSystemSynchronizedRootGroup;
			path = PracticaIOSAvanzadoUITests;
			sourceTree = "<group>";
		};
/* End PBXFileSystemSynchronizedRootGroup section */

/* Begin PBXFrameworksBuildPhase section */
		FC727A7A2CBE6F0C007FFA9D /* Frameworks */ = {
			isa = PBXFrameworksBuildPhase;
			buildActionMask = 2147483647;
			files = (
				FC0F72EB2CCB7FB5002B9A21 /* Kingfisher in Frameworks */,
				FC9E8CA32CC63C16007A2A83 /* KeychainSwift in Frameworks */,
			);
			runOnlyForDeploymentPostprocessing = 0;
		};
		FC727A902CBE6F0E007FFA9D /* Frameworks */ = {
			isa = PBXFrameworksBuildPhase;
			buildActionMask = 2147483647;
			files = (
			);
			runOnlyForDeploymentPostprocessing = 0;
		};
		FC727A9A2CBE6F0E007FFA9D /* Frameworks */ = {
			isa = PBXFrameworksBuildPhase;
			buildActionMask = 2147483647;
			files = (
			);
			runOnlyForDeploymentPostprocessing = 0;
		};
/* End PBXFrameworksBuildPhase section */

/* Begin PBXGroup section */
		FC5FB5542CC0F40300E5DC5B /* Presentation */ = {
			isa = PBXGroup;
			children = (
				FC5FB5572CC0F41A00E5DC5B /* Splash */,
				FC5FB5562CC0F41300E5DC5B /* Login */,
				FC5FB5712CC113F300E5DC5B /* Heroes */,
				FCD8DC8F2CCA2F7100FF71E2 /* HeroDetail */,
				FC624B122CCE5BCD002C9D8E /* TransformationDetail */,
				FC5FB5862CC1257200E5DC5B /* PIAObservable.swift */,
			);
			path = Presentation;
			sourceTree = "<group>";
		};
		FC5FB5552CC0F40D00E5DC5B /* Domain */ = {
			isa = PBXGroup;
			children = (
				FC5FB57C2CC116B400E5DC5B /* Model */,
				FC5FB5762CC115AE00E5DC5B /* UseCases */,
			);
			path = Domain;
			sourceTree = "<group>";
		};
		FC5FB5562CC0F41300E5DC5B /* Login */ = {
			isa = PBXGroup;
			children = (
				FC0F72F02CCBA014002B9A21 /* LoginViewModel.swift */,
				FC727ABE2CBE7250007FFA9D /* LoginViewController.swift */,
				FC727ABF2CBE7250007FFA9D /* LoginViewController.xib */,
			);
			path = Login;
			sourceTree = "<group>";
		};
		FC5FB5572CC0F41A00E5DC5B /* Splash */ = {
			isa = PBXGroup;
			children = (
				FC727AC12CBE7250007FFA9D /* SplashViewController.swift */,
				FC727AC22CBE7250007FFA9D /* SplashViewController.xib */,
			);
			path = Splash;
			sourceTree = "<group>";
		};
		FC5FB5712CC113F300E5DC5B /* Heroes */ = {
			isa = PBXGroup;
			children = (
				FCD8DC9C2CCA556600FF71E2 /* Cells */,
				FC5FB5722CC1141000E5DC5B /* HeroesViewController.swift */,
				FC5FB57A2CC115DF00E5DC5B /* HeroesViewModel.swift */,
				FC5FB5732CC1141000E5DC5B /* HeroesViewController.xib */,
			);
			path = Heroes;
			sourceTree = "<group>";
		};
		FC5FB5762CC115AE00E5DC5B /* UseCases */ = {
			isa = PBXGroup;
			children = (
				FC0F72EE2CCB993F002B9A21 /* LoginUseCase.swift */,
				FCD8DC962CCA30C000FF71E2 /* DetailHeroUseCase.swift */,
				FC5FB5772CC115C300E5DC5B /* HeroUseCase.swift */,
			);
			path = UseCases;
			sourceTree = "<group>";
		};
		FC5FB57C2CC116B400E5DC5B /* Model */ = {
			isa = PBXGroup;
			children = (
				FC4AC2292CCD5EC700366218 /* Transformation.swift */,
				FC5FB57D2CC116BB00E5DC5B /* Hero.swift */,
				FCD8DC9A2CCA33F100FF71E2 /* Location.swift */,
			);
			path = Model;
			sourceTree = "<group>";
		};
		FC624B122CCE5BCD002C9D8E /* TransformationDetail */ = {
			isa = PBXGroup;
			children = (
				FC624B172CCE5DD1002C9D8E /* DetailTransformationViewModel.swift */,
				FC624B132CCE5BF6002C9D8E /* DetailTransformationViewController.swift */,
				FC624B142CCE5BF6002C9D8E /* DetailTransformationViewController.xib */,
			);
			path = TransformationDetail;
			sourceTree = "<group>";
		};
		FC65E0BA2CBEC6D5006D2F52 /* Network */ = {
			isa = PBXGroup;
			children = (
				FC5FB5682CC1131F00E5DC5B /* PIAApiError.swift */,
				FC65E0BB2CBEC6E3006D2F52 /* PIAApiProvider.swift */,
				FC5FB56B2CC1135600E5DC5B /* PIAEndPoint.swift */,
				FC5FB56E2CC1138F00E5DC5B /* PIARequestBuilder.swift */,
			);
			path = Network;
			sourceTree = "<group>";
		};
		FC67443B2CCAACD1005B7064 /* Mocks */ = {
			isa = PBXGroup;
			children = (
				FC51511C2CCE9F3200FC337E /* Locations.json */,
				FC51511A2CCE9E6C00FC337E /* Transformations.json */,
				FC67444B2CCAB745005B7064 /* PIAApiProviderMock.swift */,
				FC6744442CCAB5D0005B7064 /* Heroes.json */,
				FC6744422CCAB04C005B7064 /* DataMock.swift */,
				FC6744402CCAB03A005B7064 /* SecureDataStorageMock.swift */,
				FC67443E2CCAAD1C005B7064 /* URLProtocolMock.swift */,
			);
			path = Mocks;
			sourceTree = "<group>";
		};
		FC67443C2CCAACDC005B7064 /* NetworkTests */ = {
			isa = PBXGroup;
			children = (
				FC6744392CCAABA5005B7064 /* ApiProviderTests.swift */,
			);
			path = NetworkTests;
			sourceTree = "<group>";
		};
		FC67443D2CCAACF1005B7064 /* CoreDataTests */ = {
			isa = PBXGroup;
			children = (
				FC7807D02CC25CC600A53245 /* StoreProviderTests.swift */,
			);
			path = CoreDataTests;
			sourceTree = "<group>";
		};
		FC6744462CCAB6B6005B7064 /* Data */ = {
			isa = PBXGroup;
			children = (
				FC67443D2CCAACF1005B7064 /* CoreDataTests */,
				FC67443C2CCAACDC005B7064 /* NetworkTests */,
			);
			path = Data;
			sourceTree = "<group>";
		};
		FC6744472CCAB6BF005B7064 /* Domain */ = {
			isa = PBXGroup;
			children = (
				FC6744492CCAB6F4005B7064 /* HeroUseCaseTest.swift */,
			);
			path = Domain;
			sourceTree = "<group>";
		};
		FC6744482CCAB6C9005B7064 /* Presentation */ = {
			isa = PBXGroup;
			children = (
				FC67444D2CCAB9CF005B7064 /* HeroesViewModelTest.swift */,
			);
			path = Presentation;
			sourceTree = "<group>";
		};
		FC727A742CBE6F0C007FFA9D = {
			isa = PBXGroup;
			children = (
				FC727AC42CBE7250007FFA9D /* PracticaIOSAvanzado */,
				FC7807D12CC25CC600A53245 /* PracticaIOSAvanzadoTests */,
				FC727AA02CBE6F0E007FFA9D /* PracticaIOSAvanzadoUITests */,
				FC727A7E2CBE6F0C007FFA9D /* Products */,
			);
			sourceTree = "<group>";
		};
		FC727A7E2CBE6F0C007FFA9D /* Products */ = {
			isa = PBXGroup;
			children = (
				FC727A7D2CBE6F0C007FFA9D /* PracticaIOSAvanzado.app */,
				FC727A932CBE6F0E007FFA9D /* PracticaIOSAvanzadoTests.xctest */,
				FC727A9D2CBE6F0E007FFA9D /* PracticaIOSAvanzadoUITests.xctest */,
			);
			name = Products;
			sourceTree = "<group>";
		};
		FC727AC42CBE7250007FFA9D /* PracticaIOSAvanzado */ = {
			isa = PBXGroup;
			children = (
				FC727ACF2CBE725E007FFA9D /* Data */,
				FC5FB5552CC0F40D00E5DC5B /* Domain */,
				FC5FB5542CC0F40300E5DC5B /* Presentation */,
				FCD8DC992CCA31E900FF71E2 /* Supporting Files */,
			);
			path = PracticaIOSAvanzado;
			sourceTree = "<group>";
		};
		FC727ACF2CBE725E007FFA9D /* Data */ = {
			isa = PBXGroup;
			children = (
				FC9E8CA42CC63C6E007A2A83 /* SecureDataStore.swift */,
				FC727AE62CBE79A5007FFA9D /* ApiModel */,
				FC727AD02CBE7264007FFA9D /* CoreData */,
				FC65E0BA2CBEC6D5006D2F52 /* Network */,
			);
			path = Data;
			sourceTree = "<group>";
		};
		FC727AD02CBE7264007FFA9D /* CoreData */ = {
			isa = PBXGroup;
			children = (
				FC727AD42CBE76BA007FFA9D /* MOHero+CoreDataClass.swift */,
				FC727AD62CBE76BA007FFA9D /* MOLocation+CoreDataClass.swift */,
				FC727AD82CBE76BA007FFA9D /* MOTransformation+CoreDataClass.swift */,
				FC727AF02CBE8113007FFA9D /* StoreDataProvider.swift */,
				FC727AD12CBE727A007FFA9D /* Model.xcdatamodeld */,
			);
			path = CoreData;
			sourceTree = "<group>";
		};
		FC727AE62CBE79A5007FFA9D /* ApiModel */ = {
			isa = PBXGroup;
			children = (
				FC727AE72CBE79B4007FFA9D /* ApiHero.swift */,
				FC727AEA2CBE7A5E007FFA9D /* ApiLocation.swift */,
				FC727AED2CBE7D79007FFA9D /* ApiTransformation.swift */,
			);
			path = ApiModel;
			sourceTree = "<group>";
		};
		FC7807D12CC25CC600A53245 /* PracticaIOSAvanzadoTests */ = {
			isa = PBXGroup;
			children = (
				FC6744482CCAB6C9005B7064 /* Presentation */,
				FC6744472CCAB6BF005B7064 /* Domain */,
				FC6744462CCAB6B6005B7064 /* Data */,
				FC67443B2CCAACD1005B7064 /* Mocks */,
			);
			path = PracticaIOSAvanzadoTests;
			sourceTree = "<group>";
		};
		FCD8DC8F2CCA2F7100FF71E2 /* HeroDetail */ = {
			isa = PBXGroup;
			children = (
				FCD8DC902CCA2FAD00FF71E2 /* DetailHeroViewController.swift */,
				FCD8DC942CCA300B00FF71E2 /* DetailHeroViewModel.swift */,
				FCD8DC912CCA2FAD00FF71E2 /* DetailHeroViewController.xib */,
				FCD8DC9D2CCA561D00FF71E2 /* HeroAnnotation.swift */,
				FCD8DC9F2CCA5D7C00FF71E2 /* HeroAnnotationView.swift */,
			);
			path = HeroDetail;
			sourceTree = "<group>";
		};
		FCD8DC992CCA31E900FF71E2 /* Supporting Files */ = {
			isa = PBXGroup;
			children = (
				FC727AB92CBE7250007FFA9D /* AppDelegate.swift */,
				FC727ABA2CBE7250007FFA9D /* Assets.xcassets */,
				FC727ABB2CBE7250007FFA9D /* Info.plist */,
				FC727ABD2CBE7250007FFA9D /* LaunchScreen.storyboard */,
				FC727AC02CBE7250007FFA9D /* SceneDelegate.swift */,
			);
			path = "Supporting Files";
			sourceTree = "<group>";
		};
		FCD8DC9C2CCA556600FF71E2 /* Cells */ = {
			isa = PBXGroup;
			children = (
				FC43312F2CC16364005F4458 /* HeroCell.swift */,
				FC4331302CC16364005F4458 /* HeroCell.xib */,
			);
			path = Cells;
			sourceTree = "<group>";
		};
/* End PBXGroup section */

/* Begin PBXNativeTarget section */
		FC727A7C2CBE6F0C007FFA9D /* PracticaIOSAvanzado */ = {
			isa = PBXNativeTarget;
			buildConfigurationList = FC727AA62CBE6F0E007FFA9D /* Build configuration list for PBXNativeTarget "PracticaIOSAvanzado" */;
			buildPhases = (
				FC727A792CBE6F0C007FFA9D /* Sources */,
				FC727A7A2CBE6F0C007FFA9D /* Frameworks */,
				FC727A7B2CBE6F0C007FFA9D /* Resources */,
			);
			buildRules = (
			);
			dependencies = (
			);
			name = PracticaIOSAvanzado;
			packageProductDependencies = (
				FC9E8CA22CC63C16007A2A83 /* KeychainSwift */,
				FC0F72EA2CCB7FB5002B9A21 /* Kingfisher */,
			);
			productName = PracticaIOSAvanzado;
			productReference = FC727A7D2CBE6F0C007FFA9D /* PracticaIOSAvanzado.app */;
			productType = "com.apple.product-type.application";
		};
		FC727A922CBE6F0E007FFA9D /* PracticaIOSAvanzadoTests */ = {
			isa = PBXNativeTarget;
			buildConfigurationList = FC727AAB2CBE6F0E007FFA9D /* Build configuration list for PBXNativeTarget "PracticaIOSAvanzadoTests" */;
			buildPhases = (
				FC727A8F2CBE6F0E007FFA9D /* Sources */,
				FC727A902CBE6F0E007FFA9D /* Frameworks */,
				FC727A912CBE6F0E007FFA9D /* Resources */,
			);
			buildRules = (
			);
			dependencies = (
				FC727A952CBE6F0E007FFA9D /* PBXTargetDependency */,
			);
			name = PracticaIOSAvanzadoTests;
			packageProductDependencies = (
			);
			productName = PracticaIOSAvanzadoTests;
			productReference = FC727A932CBE6F0E007FFA9D /* PracticaIOSAvanzadoTests.xctest */;
			productType = "com.apple.product-type.bundle.unit-test";
		};
		FC727A9C2CBE6F0E007FFA9D /* PracticaIOSAvanzadoUITests */ = {
			isa = PBXNativeTarget;
			buildConfigurationList = FC727AAE2CBE6F0E007FFA9D /* Build configuration list for PBXNativeTarget "PracticaIOSAvanzadoUITests" */;
			buildPhases = (
				FC727A992CBE6F0E007FFA9D /* Sources */,
				FC727A9A2CBE6F0E007FFA9D /* Frameworks */,
				FC727A9B2CBE6F0E007FFA9D /* Resources */,
			);
			buildRules = (
			);
			dependencies = (
				FC727A9F2CBE6F0E007FFA9D /* PBXTargetDependency */,
			);
			fileSystemSynchronizedGroups = (
				FC727AA02CBE6F0E007FFA9D /* PracticaIOSAvanzadoUITests */,
			);
			name = PracticaIOSAvanzadoUITests;
			packageProductDependencies = (
			);
			productName = PracticaIOSAvanzadoUITests;
			productReference = FC727A9D2CBE6F0E007FFA9D /* PracticaIOSAvanzadoUITests.xctest */;
			productType = "com.apple.product-type.bundle.ui-testing";
		};
/* End PBXNativeTarget section */

/* Begin PBXProject section */
		FC727A752CBE6F0C007FFA9D /* Project object */ = {
			isa = PBXProject;
			attributes = {
				BuildIndependentTargetsInParallel = 1;
				LastSwiftUpdateCheck = 1600;
				LastUpgradeCheck = 1600;
				TargetAttributes = {
					FC727A7C2CBE6F0C007FFA9D = {
						CreatedOnToolsVersion = 16.0;
					};
					FC727A922CBE6F0E007FFA9D = {
						CreatedOnToolsVersion = 16.0;
						TestTargetID = FC727A7C2CBE6F0C007FFA9D;
					};
					FC727A9C2CBE6F0E007FFA9D = {
						CreatedOnToolsVersion = 16.0;
						TestTargetID = FC727A7C2CBE6F0C007FFA9D;
					};
				};
			};
			buildConfigurationList = FC727A782CBE6F0C007FFA9D /* Build configuration list for PBXProject "PracticaIOSAvanzado" */;
			developmentRegion = en;
			hasScannedForEncodings = 0;
			knownRegions = (
				en,
				Base,
			);
			mainGroup = FC727A742CBE6F0C007FFA9D;
			minimizedProjectReferenceProxies = 1;
			packageReferences = (
				FC9E8CA12CC63C16007A2A83 /* XCRemoteSwiftPackageReference "keychain-swift" */,
				FC0F72E92CCB7FB5002B9A21 /* XCRemoteSwiftPackageReference "Kingfisher" */,
			);
			preferredProjectObjectVersion = 77;
			productRefGroup = FC727A7E2CBE6F0C007FFA9D /* Products */;
			projectDirPath = "";
			projectRoot = "";
			targets = (
				FC727A7C2CBE6F0C007FFA9D /* PracticaIOSAvanzado */,
				FC727A922CBE6F0E007FFA9D /* PracticaIOSAvanzadoTests */,
				FC727A9C2CBE6F0E007FFA9D /* PracticaIOSAvanzadoUITests */,
			);
		};
/* End PBXProject section */

/* Begin PBXResourcesBuildPhase section */
		FC727A7B2CBE6F0C007FFA9D /* Resources */ = {
			isa = PBXResourcesBuildPhase;
			buildActionMask = 2147483647;
			files = (
				FC624B152CCE5BF6002C9D8E /* DetailTransformationViewController.xib in Resources */,
				FC727AC52CBE7250007FFA9D /* Assets.xcassets in Resources */,
				FC4331312CC16364005F4458 /* HeroCell.xib in Resources */,
				FC727AC72CBE7250007FFA9D /* LaunchScreen.storyboard in Resources */,
				FC727AC82CBE7250007FFA9D /* LoginViewController.xib in Resources */,
				FCD8DC932CCA2FAD00FF71E2 /* DetailHeroViewController.xib in Resources */,
				FC5FB5752CC1141000E5DC5B /* HeroesViewController.xib in Resources */,
				FC727AC92CBE7250007FFA9D /* SplashViewController.xib in Resources */,
			);
			runOnlyForDeploymentPostprocessing = 0;
		};
		FC727A912CBE6F0E007FFA9D /* Resources */ = {
			isa = PBXResourcesBuildPhase;
			buildActionMask = 2147483647;
			files = (
				FC51511B2CCE9E7A00FC337E /* Transformations.json in Resources */,
				FC6744452CCAB5D0005B7064 /* Heroes.json in Resources */,
				FC51511D2CCE9F4100FC337E /* Locations.json in Resources */,
			);
			runOnlyForDeploymentPostprocessing = 0;
		};
		FC727A9B2CBE6F0E007FFA9D /* Resources */ = {
			isa = PBXResourcesBuildPhase;
			buildActionMask = 2147483647;
			files = (
			);
			runOnlyForDeploymentPostprocessing = 0;
		};
/* End PBXResourcesBuildPhase section */

/* Begin PBXSourcesBuildPhase section */
		FC727A792CBE6F0C007FFA9D /* Sources */ = {
			isa = PBXSourcesBuildPhase;
			buildActionMask = 2147483647;
			files = (
				FCD8DC972CCA30CB00FF71E2 /* DetailHeroUseCase.swift in Sources */,
				FCD8DCA02CCA5D8600FF71E2 /* HeroAnnotationView.swift in Sources */,
				FC727ACA2CBE7250007FFA9D /* AppDelegate.swift in Sources */,
				FCD8DC922CCA2FAD00FF71E2 /* DetailHeroViewController.swift in Sources */,
				FC727ACB2CBE7250007FFA9D /* LoginViewController.swift in Sources */,
				FC727ACC2CBE7250007FFA9D /* SceneDelegate.swift in Sources */,
				FC4AC22A2CCD5ED000366218 /* Transformation.swift in Sources */,
				FC727ACD2CBE7250007FFA9D /* SplashViewController.swift in Sources */,
				FC65E0BD2CBEC6EA006D2F52 /* PIAApiProvider.swift in Sources */,
				FCD8DC952CCA301600FF71E2 /* DetailHeroViewModel.swift in Sources */,
				FC727AD32CBE727A007FFA9D /* Model.xcdatamodeld in Sources */,
				FC5FB56D2CC1135700E5DC5B /* PIAEndPoint.swift in Sources */,
				FC727AEB2CBE7A64007FFA9D /* ApiLocation.swift in Sources */,
				FC727AEE2CBE7D83007FFA9D /* ApiTransformation.swift in Sources */,
				FC9E8CA52CC63C7B007A2A83 /* SecureDataStore.swift in Sources */,
				FCD8DC9B2CCA33F700FF71E2 /* Location.swift in Sources */,
				FC5FB5782CC115C700E5DC5B /* HeroUseCase.swift in Sources */,
				FC5FB5742CC1141000E5DC5B /* HeroesViewController.swift in Sources */,
				FC0F72F12CCBA019002B9A21 /* LoginViewModel.swift in Sources */,
				FCD8DC9E2CCA562D00FF71E2 /* HeroAnnotation.swift in Sources */,
				FC5FB5872CC1257E00E5DC5B /* PIAObservable.swift in Sources */,
				FC5FB56A2CC1131F00E5DC5B /* PIAApiError.swift in Sources */,
				FC727AE02CBE76BA007FFA9D /* MOHero+CoreDataClass.swift in Sources */,
				FC5FB57B2CC115E800E5DC5B /* HeroesViewModel.swift in Sources */,
				FC624B182CCE5DDD002C9D8E /* DetailTransformationViewModel.swift in Sources */,
				FC727AF12CBE811E007FFA9D /* StoreDataProvider.swift in Sources */,
				FC5FB57F2CC116BD00E5DC5B /* Hero.swift in Sources */,
				FC5FB56F2CC1139200E5DC5B /* PIARequestBuilder.swift in Sources */,
				FC624B162CCE5BF6002C9D8E /* DetailTransformationViewController.swift in Sources */,
				FC727AE22CBE76BA007FFA9D /* MOLocation+CoreDataClass.swift in Sources */,
				FC4331322CC16364005F4458 /* HeroCell.swift in Sources */,
				FC727AE92CBE79BB007FFA9D /* ApiHero.swift in Sources */,
				FC727AE42CBE76BA007FFA9D /* MOTransformation+CoreDataClass.swift in Sources */,
				FC0F72EF2CCB9943002B9A21 /* LoginUseCase.swift in Sources */,
			);
			runOnlyForDeploymentPostprocessing = 0;
		};
		FC727A8F2CBE6F0E007FFA9D /* Sources */ = {
			isa = PBXSourcesBuildPhase;
			buildActionMask = 2147483647;
			files = (
				FC7807D22CC25CC600A53245 /* StoreProviderTests.swift in Sources */,
				FC67443F2CCAAD26005B7064 /* URLProtocolMock.swift in Sources */,
				FC6744412CCAB044005B7064 /* SecureDataStorageMock.swift in Sources */,
				FC67444C2CCAB75A005B7064 /* PIAApiProviderMock.swift in Sources */,
				FC67444A2CCAB6FD005B7064 /* HeroUseCaseTest.swift in Sources */,
				FC67443A2CCAABA5005B7064 /* ApiProviderTests.swift in Sources */,
				FC67444E2CCAB9D7005B7064 /* HeroesViewModelTest.swift in Sources */,
				FC6744432CCAB052005B7064 /* DataMock.swift in Sources */,
			);
			runOnlyForDeploymentPostprocessing = 0;
		};
		FC727A992CBE6F0E007FFA9D /* Sources */ = {
			isa = PBXSourcesBuildPhase;
			buildActionMask = 2147483647;
			files = (
			);
			runOnlyForDeploymentPostprocessing = 0;
		};
/* End PBXSourcesBuildPhase section */

/* Begin PBXTargetDependency section */
		FC727A952CBE6F0E007FFA9D /* PBXTargetDependency */ = {
			isa = PBXTargetDependency;
			target = FC727A7C2CBE6F0C007FFA9D /* PracticaIOSAvanzado */;
			targetProxy = FC727A942CBE6F0E007FFA9D /* PBXContainerItemProxy */;
		};
		FC727A9F2CBE6F0E007FFA9D /* PBXTargetDependency */ = {
			isa = PBXTargetDependency;
			target = FC727A7C2CBE6F0C007FFA9D /* PracticaIOSAvanzado */;
			targetProxy = FC727A9E2CBE6F0E007FFA9D /* PBXContainerItemProxy */;
		};
/* End PBXTargetDependency section */

/* Begin PBXVariantGroup section */
		FC727ABD2CBE7250007FFA9D /* LaunchScreen.storyboard */ = {
			isa = PBXVariantGroup;
			children = (
				FC727ABC2CBE7250007FFA9D /* Base */,
			);
			name = LaunchScreen.storyboard;
			sourceTree = "<group>";
		};
/* End PBXVariantGroup section */

/* Begin XCBuildConfiguration section */
		FC727AA72CBE6F0E007FFA9D /* Debug */ = {
			isa = XCBuildConfiguration;
			buildSettings = {
				ASSETCATALOG_COMPILER_APPICON_NAME = AppIcon;
				ASSETCATALOG_COMPILER_GLOBAL_ACCENT_COLOR_NAME = AccentColor;
				CODE_SIGN_STYLE = Automatic;
				CURRENT_PROJECT_VERSION = 1;
				DEVELOPMENT_TEAM = T5K323YN9M;
				GENERATE_INFOPLIST_FILE = YES;
				INFOPLIST_FILE = "PracticaIOSAvanzado/Supporting Files/Info.plist";
				INFOPLIST_KEY_NSLocationWhenInUseUsageDescription = "Need user location to show it on the map";
				INFOPLIST_KEY_UIApplicationSupportsIndirectInputEvents = YES;
				INFOPLIST_KEY_UILaunchStoryboardName = LaunchScreen;
				INFOPLIST_KEY_UISupportedInterfaceOrientations_iPad = "UIInterfaceOrientationPortrait UIInterfaceOrientationPortraitUpsideDown UIInterfaceOrientationLandscapeLeft UIInterfaceOrientationLandscapeRight";
				INFOPLIST_KEY_UISupportedInterfaceOrientations_iPhone = "UIInterfaceOrientationPortrait UIInterfaceOrientationLandscapeLeft UIInterfaceOrientationLandscapeRight";
				LD_RUNPATH_SEARCH_PATHS = (
					"$(inherited)",
					"@executable_path/Frameworks",
				);
				MARKETING_VERSION = 1.0;
				PRODUCT_BUNDLE_IDENTIFIER = com.JorgeNavi.PracticaIOSAvanzado;
				PRODUCT_NAME = "$(TARGET_NAME)";
				SUPPORTED_PLATFORMS = "iphoneos iphonesimulator";
				SUPPORTS_MACCATALYST = NO;
				SUPPORTS_MAC_DESIGNED_FOR_IPHONE_IPAD = NO;
				SUPPORTS_XR_DESIGNED_FOR_IPHONE_IPAD = NO;
				SWIFT_EMIT_LOC_STRINGS = YES;
				SWIFT_VERSION = 5.0;
				TARGETED_DEVICE_FAMILY = "1,2";
			};
			name = Debug;
		};
		FC727AA82CBE6F0E007FFA9D /* Release */ = {
			isa = XCBuildConfiguration;
			buildSettings = {
				ASSETCATALOG_COMPILER_APPICON_NAME = AppIcon;
				ASSETCATALOG_COMPILER_GLOBAL_ACCENT_COLOR_NAME = AccentColor;
				CODE_SIGN_STYLE = Automatic;
				CURRENT_PROJECT_VERSION = 1;
				DEVELOPMENT_TEAM = T5K323YN9M;
				GENERATE_INFOPLIST_FILE = YES;
				INFOPLIST_FILE = "PracticaIOSAvanzado/Supporting Files/Info.plist";
				INFOPLIST_KEY_NSLocationWhenInUseUsageDescription = "Need user location to show it on the map";
				INFOPLIST_KEY_UIApplicationSupportsIndirectInputEvents = YES;
				INFOPLIST_KEY_UILaunchStoryboardName = LaunchScreen;
				INFOPLIST_KEY_UISupportedInterfaceOrientations_iPad = "UIInterfaceOrientationPortrait UIInterfaceOrientationPortraitUpsideDown UIInterfaceOrientationLandscapeLeft UIInterfaceOrientationLandscapeRight";
				INFOPLIST_KEY_UISupportedInterfaceOrientations_iPhone = "UIInterfaceOrientationPortrait UIInterfaceOrientationLandscapeLeft UIInterfaceOrientationLandscapeRight";
				LD_RUNPATH_SEARCH_PATHS = (
					"$(inherited)",
					"@executable_path/Frameworks",
				);
				MARKETING_VERSION = 1.0;
				PRODUCT_BUNDLE_IDENTIFIER = com.JorgeNavi.PracticaIOSAvanzado;
				PRODUCT_NAME = "$(TARGET_NAME)";
				SUPPORTED_PLATFORMS = "iphoneos iphonesimulator";
				SUPPORTS_MACCATALYST = NO;
				SUPPORTS_MAC_DESIGNED_FOR_IPHONE_IPAD = NO;
				SUPPORTS_XR_DESIGNED_FOR_IPHONE_IPAD = NO;
				SWIFT_EMIT_LOC_STRINGS = YES;
				SWIFT_VERSION = 5.0;
				TARGETED_DEVICE_FAMILY = "1,2";
			};
			name = Release;
		};
		FC727AA92CBE6F0E007FFA9D /* Debug */ = {
			isa = XCBuildConfiguration;
			buildSettings = {
				ALWAYS_SEARCH_USER_PATHS = NO;
				ASSETCATALOG_COMPILER_GENERATE_SWIFT_ASSET_SYMBOL_EXTENSIONS = YES;
				CLANG_ANALYZER_NONNULL = YES;
				CLANG_ANALYZER_NUMBER_OBJECT_CONVERSION = YES_AGGRESSIVE;
				CLANG_CXX_LANGUAGE_STANDARD = "gnu++20";
				CLANG_ENABLE_MODULES = YES;
				CLANG_ENABLE_OBJC_ARC = YES;
				CLANG_ENABLE_OBJC_WEAK = YES;
				CLANG_WARN_BLOCK_CAPTURE_AUTORELEASING = YES;
				CLANG_WARN_BOOL_CONVERSION = YES;
				CLANG_WARN_COMMA = YES;
				CLANG_WARN_CONSTANT_CONVERSION = YES;
				CLANG_WARN_DEPRECATED_OBJC_IMPLEMENTATIONS = YES;
				CLANG_WARN_DIRECT_OBJC_ISA_USAGE = YES_ERROR;
				CLANG_WARN_DOCUMENTATION_COMMENTS = YES;
				CLANG_WARN_EMPTY_BODY = YES;
				CLANG_WARN_ENUM_CONVERSION = YES;
				CLANG_WARN_INFINITE_RECURSION = YES;
				CLANG_WARN_INT_CONVERSION = YES;
				CLANG_WARN_NON_LITERAL_NULL_CONVERSION = YES;
				CLANG_WARN_OBJC_IMPLICIT_RETAIN_SELF = YES;
				CLANG_WARN_OBJC_LITERAL_CONVERSION = YES;
				CLANG_WARN_OBJC_ROOT_CLASS = YES_ERROR;
				CLANG_WARN_QUOTED_INCLUDE_IN_FRAMEWORK_HEADER = YES;
				CLANG_WARN_RANGE_LOOP_ANALYSIS = YES;
				CLANG_WARN_STRICT_PROTOTYPES = YES;
				CLANG_WARN_SUSPICIOUS_MOVE = YES;
				CLANG_WARN_UNGUARDED_AVAILABILITY = YES_AGGRESSIVE;
				CLANG_WARN_UNREACHABLE_CODE = YES;
				CLANG_WARN__DUPLICATE_METHOD_MATCH = YES;
				COPY_PHASE_STRIP = NO;
				DEBUG_INFORMATION_FORMAT = dwarf;
				ENABLE_STRICT_OBJC_MSGSEND = YES;
				ENABLE_TESTABILITY = YES;
				ENABLE_USER_SCRIPT_SANDBOXING = YES;
				GCC_C_LANGUAGE_STANDARD = gnu17;
				GCC_DYNAMIC_NO_PIC = NO;
				GCC_NO_COMMON_BLOCKS = YES;
				GCC_OPTIMIZATION_LEVEL = 0;
				GCC_PREPROCESSOR_DEFINITIONS = (
					"DEBUG=1",
					"$(inherited)",
				);
				GCC_WARN_64_TO_32_BIT_CONVERSION = YES;
				GCC_WARN_ABOUT_RETURN_TYPE = YES_ERROR;
				GCC_WARN_UNDECLARED_SELECTOR = YES;
				GCC_WARN_UNINITIALIZED_AUTOS = YES_AGGRESSIVE;
				GCC_WARN_UNUSED_FUNCTION = YES;
				GCC_WARN_UNUSED_VARIABLE = YES;
				IPHONEOS_DEPLOYMENT_TARGET = 18.0;
				LOCALIZATION_PREFERS_STRING_CATALOGS = YES;
				MTL_ENABLE_DEBUG_INFO = INCLUDE_SOURCE;
				MTL_FAST_MATH = YES;
				ONLY_ACTIVE_ARCH = YES;
				SDKROOT = iphoneos;
				SWIFT_ACTIVE_COMPILATION_CONDITIONS = "DEBUG $(inherited)";
				SWIFT_OPTIMIZATION_LEVEL = "-Onone";
			};
			name = Debug;
		};
		FC727AAA2CBE6F0E007FFA9D /* Release */ = {
			isa = XCBuildConfiguration;
			buildSettings = {
				ALWAYS_SEARCH_USER_PATHS = NO;
				ASSETCATALOG_COMPILER_GENERATE_SWIFT_ASSET_SYMBOL_EXTENSIONS = YES;
				CLANG_ANALYZER_NONNULL = YES;
				CLANG_ANALYZER_NUMBER_OBJECT_CONVERSION = YES_AGGRESSIVE;
				CLANG_CXX_LANGUAGE_STANDARD = "gnu++20";
				CLANG_ENABLE_MODULES = YES;
				CLANG_ENABLE_OBJC_ARC = YES;
				CLANG_ENABLE_OBJC_WEAK = YES;
				CLANG_WARN_BLOCK_CAPTURE_AUTORELEASING = YES;
				CLANG_WARN_BOOL_CONVERSION = YES;
				CLANG_WARN_COMMA = YES;
				CLANG_WARN_CONSTANT_CONVERSION = YES;
				CLANG_WARN_DEPRECATED_OBJC_IMPLEMENTATIONS = YES;
				CLANG_WARN_DIRECT_OBJC_ISA_USAGE = YES_ERROR;
				CLANG_WARN_DOCUMENTATION_COMMENTS = YES;
				CLANG_WARN_EMPTY_BODY = YES;
				CLANG_WARN_ENUM_CONVERSION = YES;
				CLANG_WARN_INFINITE_RECURSION = YES;
				CLANG_WARN_INT_CONVERSION = YES;
				CLANG_WARN_NON_LITERAL_NULL_CONVERSION = YES;
				CLANG_WARN_OBJC_IMPLICIT_RETAIN_SELF = YES;
				CLANG_WARN_OBJC_LITERAL_CONVERSION = YES;
				CLANG_WARN_OBJC_ROOT_CLASS = YES_ERROR;
				CLANG_WARN_QUOTED_INCLUDE_IN_FRAMEWORK_HEADER = YES;
				CLANG_WARN_RANGE_LOOP_ANALYSIS = YES;
				CLANG_WARN_STRICT_PROTOTYPES = YES;
				CLANG_WARN_SUSPICIOUS_MOVE = YES;
				CLANG_WARN_UNGUARDED_AVAILABILITY = YES_AGGRESSIVE;
				CLANG_WARN_UNREACHABLE_CODE = YES;
				CLANG_WARN__DUPLICATE_METHOD_MATCH = YES;
				COPY_PHASE_STRIP = NO;
				DEBUG_INFORMATION_FORMAT = "dwarf-with-dsym";
				ENABLE_NS_ASSERTIONS = NO;
				ENABLE_STRICT_OBJC_MSGSEND = YES;
				ENABLE_USER_SCRIPT_SANDBOXING = YES;
				GCC_C_LANGUAGE_STANDARD = gnu17;
				GCC_NO_COMMON_BLOCKS = YES;
				GCC_WARN_64_TO_32_BIT_CONVERSION = YES;
				GCC_WARN_ABOUT_RETURN_TYPE = YES_ERROR;
				GCC_WARN_UNDECLARED_SELECTOR = YES;
				GCC_WARN_UNINITIALIZED_AUTOS = YES_AGGRESSIVE;
				GCC_WARN_UNUSED_FUNCTION = YES;
				GCC_WARN_UNUSED_VARIABLE = YES;
				IPHONEOS_DEPLOYMENT_TARGET = 18.0;
				LOCALIZATION_PREFERS_STRING_CATALOGS = YES;
				MTL_ENABLE_DEBUG_INFO = NO;
				MTL_FAST_MATH = YES;
				SDKROOT = iphoneos;
				SWIFT_COMPILATION_MODE = wholemodule;
				VALIDATE_PRODUCT = YES;
			};
			name = Release;
		};
		FC727AAC2CBE6F0E007FFA9D /* Debug */ = {
			isa = XCBuildConfiguration;
			buildSettings = {
				BUNDLE_LOADER = "$(TEST_HOST)";
				CODE_SIGN_STYLE = Automatic;
				CURRENT_PROJECT_VERSION = 1;
				DEVELOPMENT_TEAM = T5K323YN9M;
				GENERATE_INFOPLIST_FILE = YES;
				IPHONEOS_DEPLOYMENT_TARGET = 18.0;
				MARKETING_VERSION = 1.0;
				PRODUCT_BUNDLE_IDENTIFIER = com.JorgeNavi.PracticaIOSAvanzadoTests;
				PRODUCT_NAME = "$(TARGET_NAME)";
				SWIFT_EMIT_LOC_STRINGS = NO;
				SWIFT_VERSION = 5.0;
				TARGETED_DEVICE_FAMILY = "1,2";
				TEST_HOST = "$(BUILT_PRODUCTS_DIR)/PracticaIOSAvanzado.app/$(BUNDLE_EXECUTABLE_FOLDER_PATH)/PracticaIOSAvanzado";
			};
			name = Debug;
		};
		FC727AAD2CBE6F0E007FFA9D /* Release */ = {
			isa = XCBuildConfiguration;
			buildSettings = {
				BUNDLE_LOADER = "$(TEST_HOST)";
				CODE_SIGN_STYLE = Automatic;
				CURRENT_PROJECT_VERSION = 1;
				DEVELOPMENT_TEAM = T5K323YN9M;
				GENERATE_INFOPLIST_FILE = YES;
				IPHONEOS_DEPLOYMENT_TARGET = 18.0;
				MARKETING_VERSION = 1.0;
				PRODUCT_BUNDLE_IDENTIFIER = com.JorgeNavi.PracticaIOSAvanzadoTests;
				PRODUCT_NAME = "$(TARGET_NAME)";
				SWIFT_EMIT_LOC_STRINGS = NO;
				SWIFT_VERSION = 5.0;
				TARGETED_DEVICE_FAMILY = "1,2";
				TEST_HOST = "$(BUILT_PRODUCTS_DIR)/PracticaIOSAvanzado.app/$(BUNDLE_EXECUTABLE_FOLDER_PATH)/PracticaIOSAvanzado";
			};
			name = Release;
		};
		FC727AAF2CBE6F0E007FFA9D /* Debug */ = {
			isa = XCBuildConfiguration;
			buildSettings = {
				CODE_SIGN_STYLE = Automatic;
				CURRENT_PROJECT_VERSION = 1;
				DEVELOPMENT_TEAM = T5K323YN9M;
				GENERATE_INFOPLIST_FILE = YES;
				MARKETING_VERSION = 1.0;
				PRODUCT_BUNDLE_IDENTIFIER = com.JorgeNavi.PracticaIOSAvanzadoUITests;
				PRODUCT_NAME = "$(TARGET_NAME)";
				SWIFT_EMIT_LOC_STRINGS = NO;
				SWIFT_VERSION = 5.0;
				TARGETED_DEVICE_FAMILY = "1,2";
				TEST_TARGET_NAME = PracticaIOSAvanzado;
			};
			name = Debug;
		};
		FC727AB02CBE6F0E007FFA9D /* Release */ = {
			isa = XCBuildConfiguration;
			buildSettings = {
				CODE_SIGN_STYLE = Automatic;
				CURRENT_PROJECT_VERSION = 1;
				DEVELOPMENT_TEAM = T5K323YN9M;
				GENERATE_INFOPLIST_FILE = YES;
				MARKETING_VERSION = 1.0;
				PRODUCT_BUNDLE_IDENTIFIER = com.JorgeNavi.PracticaIOSAvanzadoUITests;
				PRODUCT_NAME = "$(TARGET_NAME)";
				SWIFT_EMIT_LOC_STRINGS = NO;
				SWIFT_VERSION = 5.0;
				TARGETED_DEVICE_FAMILY = "1,2";
				TEST_TARGET_NAME = PracticaIOSAvanzado;
			};
			name = Release;
		};
/* End XCBuildConfiguration section */

/* Begin XCConfigurationList section */
		FC727A782CBE6F0C007FFA9D /* Build configuration list for PBXProject "PracticaIOSAvanzado" */ = {
			isa = XCConfigurationList;
			buildConfigurations = (
				FC727AA92CBE6F0E007FFA9D /* Debug */,
				FC727AAA2CBE6F0E007FFA9D /* Release */,
			);
			defaultConfigurationIsVisible = 0;
			defaultConfigurationName = Release;
		};
		FC727AA62CBE6F0E007FFA9D /* Build configuration list for PBXNativeTarget "PracticaIOSAvanzado" */ = {
			isa = XCConfigurationList;
			buildConfigurations = (
				FC727AA72CBE6F0E007FFA9D /* Debug */,
				FC727AA82CBE6F0E007FFA9D /* Release */,
			);
			defaultConfigurationIsVisible = 0;
			defaultConfigurationName = Release;
		};
		FC727AAB2CBE6F0E007FFA9D /* Build configuration list for PBXNativeTarget "PracticaIOSAvanzadoTests" */ = {
			isa = XCConfigurationList;
			buildConfigurations = (
				FC727AAC2CBE6F0E007FFA9D /* Debug */,
				FC727AAD2CBE6F0E007FFA9D /* Release */,
			);
			defaultConfigurationIsVisible = 0;
			defaultConfigurationName = Release;
		};
		FC727AAE2CBE6F0E007FFA9D /* Build configuration list for PBXNativeTarget "PracticaIOSAvanzadoUITests" */ = {
			isa = XCConfigurationList;
			buildConfigurations = (
				FC727AAF2CBE6F0E007FFA9D /* Debug */,
				FC727AB02CBE6F0E007FFA9D /* Release */,
			);
			defaultConfigurationIsVisible = 0;
			defaultConfigurationName = Release;
		};
/* End XCConfigurationList section */

/* Begin XCRemoteSwiftPackageReference section */
		FC0F72E92CCB7FB5002B9A21 /* XCRemoteSwiftPackageReference "Kingfisher" */ = {
			isa = XCRemoteSwiftPackageReference;
			repositoryURL = "https://github.com/onevcat/Kingfisher";
			requirement = {
				kind = upToNextMajorVersion;
				minimumVersion = 8.1.0;
			};
		};
		FC9E8CA12CC63C16007A2A83 /* XCRemoteSwiftPackageReference "keychain-swift" */ = {
			isa = XCRemoteSwiftPackageReference;
			repositoryURL = "https://github.com/evgenyneu/keychain-swift";
			requirement = {
				kind = upToNextMajorVersion;
				minimumVersion = 24.0.0;
			};
		};
/* End XCRemoteSwiftPackageReference section */

/* Begin XCSwiftPackageProductDependency section */
		FC0F72EA2CCB7FB5002B9A21 /* Kingfisher */ = {
			isa = XCSwiftPackageProductDependency;
			package = FC0F72E92CCB7FB5002B9A21 /* XCRemoteSwiftPackageReference "Kingfisher" */;
			productName = Kingfisher;
		};
		FC9E8CA22CC63C16007A2A83 /* KeychainSwift */ = {
			isa = XCSwiftPackageProductDependency;
			package = FC9E8CA12CC63C16007A2A83 /* XCRemoteSwiftPackageReference "keychain-swift" */;
			productName = KeychainSwift;
		};
/* End XCSwiftPackageProductDependency section */

/* Begin XCVersionGroup section */
		FC727AD12CBE727A007FFA9D /* Model.xcdatamodeld */ = {
			isa = XCVersionGroup;
			children = (
				FC7807CF2CC250A200A53245 /* Model 2.xcdatamodel */,
			);
			currentVersion = FC7807CF2CC250A200A53245 /* Model 2.xcdatamodel */;
			path = Model.xcdatamodeld;
			sourceTree = "<group>";
			versionGroupType = wrapper.xcdatamodel;
		};
/* End XCVersionGroup section */
	};
	rootObject = FC727A752CBE6F0C007FFA9D /* Project object */;
}
